# This file was autogenerated by Stack.
# You should not edit this file by hand.
# For more information, please see the documentation at:
#   https://docs.haskellstack.org/en/stable/lock_files

packages:
- completed:
    hackage: sdl2-2.5.1.0@sha256:83e3fa428294638ed291bc2b0fa5171c6f6d51af99f46c54503ac8f5fde85c90,11303
    pantry-tree:
      size: 6571
      sha256: 65abebe5bacf3830ccff99514c247e8794a314a224c763e498ee9dcbed54b8f2
  original:
    hackage: sdl2-2.5.1.0
- completed:
    hackage: sdl2-image-2.0.0@sha256:d5604b6db4d8d8be0bc861df3aa58c46ff3d2c1af37571403eb6681edab8e110,1491
    pantry-tree:
      size: 461
      sha256: bae0336e4a8d37d229748418cc824cf01cb0ddf4bf4b3f7cc27916dcbfb0b798
  original:
    hackage: sdl2-image-2.0.0
- completed:
    hackage: time-1.8.0.4@sha256:3f6eddf238b828eb4f82683acce1c3afe64784f0d20114239b738c123316c85c,5494
    pantry-tree:
      size: 5406
      sha256: 1a186b21ff55d3e8f7d66ed2075bbce4dcc9ccaeef87665aa88752412f14073f
  original:
    hackage: time-1.8.0.4
- completed:
    hackage: text-1.2.4.0@sha256:8c24450feb8e3bbb7ea3e17af24ef57e85db077c4bf53e5bcc345b283d1b1d5b,10081
    pantry-tree:
      size: 7457
      sha256: 3437b0a73ce2ae1a81aa8b3438d41a85981c00894cdbee0d6d6d6873046a5d5d
  original:
    hackage: text-1.2.4.0
- completed:
    hackage: extra-1.6.20@sha256:8a39421181e3cb952038f0c4acee9f3b5a14743f80e90507adeb693ff529d3c4,2717
    pantry-tree:
      size: 1828
      sha256: 62ccee49227f669f3abc895c446cc71c6a62a9c46a05f172523f0b1dbe971633
  original:
    hackage: extra-1.6.20
- completed:
    hackage: monad-loops-0.4.3@sha256:ada4f1295ece07f9a7398bc5b40c4532f95a733a8604d2a2f57f05f878766df2,1751
    pantry-tree:
      size: 243
      sha256: c8d919cbf7cda1c8551534cb17844c56cbfcbf1b18667b1a0700b97c87ff5059
  original:
    hackage: monad-loops-0.4.3
- completed:
    hackage: hspec-2.7.1@sha256:0aa48928ce80a34f8ff8c5ef114bb6807edfb8d884bcd7211eceed710e7fb7a8,1769
    pantry-tree:
      size: 532
      sha256: 8128733a7ef4760bbe5d978f2145fdcb29f4491b17db11e8c05b409441ceecb4
  original:
    hackage: hspec-2.7.1
- completed:
    hackage: StateVar-1.1.1.1@sha256:cd3b516a49faf0627ea31885e012611e63600824976dcb276bcb2e92cdb0790f,1417
    pantry-tree:
      size: 314
      sha256: d2b673886d4d8866aecb9b7f32ec6719fa9a8f8d2ccccea059edc3c45db4e1f0
  original:
    hackage: StateVar-1.1.1.1
- completed:
    hackage: AC-Vector-1.2.2@sha256:cd52a2ceb1fd1b5b1bf6eb3b7f0ca27aa094d4912bf0032d739503b823d68974,841
    pantry-tree:
      size: 212
      sha256: 5a00d5c381f7368fa46cbf4b6e105e5ad0d9fc88cb4886ff7b4df9a6f18e62be
  original:
    hackage: AC-Vector-1.2.2
- completed:
    hackage: vector-0.12.1.2@sha256:9291bc581f36e51d5bda9fce57cb980fbec3dd292996896f285fef39eb80a9a0,7364
    pantry-tree:
      size: 3784
      sha256: f79eefc8ba2b57ded2276f48046e64663d37b210b6047b6b6ecb30c9da196216
  original:
    hackage: vector-0.12.1.2
- completed:
    hackage: containers-0.5.11.0@sha256:28ad7337057442f75bc689315ab4ec7bdf5e6b2c39668f306672cecd82c02798,16685
    pantry-tree:
      size: 4849
      sha256: faa4e75922a28f7cfe9920c1d7ab3866b792cefcd29bf79f54cfe3b6b5f57cbf
  original:
    hackage: containers-0.5.11.0
- completed:
    hackage: sdl2-ttf-2.1.0@sha256:9ec4efa113010857dd9608a8afcd6f07812de243591b700705a2b8d154052cfa,1786
    pantry-tree:
      size: 447
      sha256: ce31ce10a20feff3e297326cd5f9c04d9b7f23c87699ea08cb868c16320f364f
  original:
    hackage: sdl2-ttf-2.1.0
- completed:
    hackage: stopwatch-0.1.0.6@sha256:8be98a1714889e4414e2d2d153aaa9ef08a2374926ed6195479570ff540e426b,2169
    pantry-tree:
      size: 438
      sha256: 861f208c3f332d18a63bfc3a39fc20c1bf9671f5a97729c72e536d86735e050b
  original:
    hackage: stopwatch-0.1.0.6
- completed:
    hackage: clock-0.8@sha256:b4ae207e2d3761450060a0d0feb873269233898039c76fceef9cc1a544067767,4113
    pantry-tree:
      size: 446
      sha256: d9ac8ce6a19812fe74cb1e74228e6e624eda19021ff4d12e24611f88abacd38a
  original:
    hackage: clock-0.8
- completed:
    hackage: binary-0.8.8.0@sha256:e9387a7ef2b34c6a23b09664c306e37cc01ae2cb4e4511a1c96ffb14008c24b0,6262
    pantry-tree:
      size: 1976
      sha256: 271cd1e75af293fc25a489d860f094dc635a4ed8b56aa5b343c58f4637736ca3
  original:
    hackage: binary-0.8.8.0
- completed:
    hackage: directory-1.3.6.0@sha256:d3d89c752f99e78f3e1d11c74696d2ba78b199f47c89e92934003deb84cb3ff9,2810
    pantry-tree:
      size: 3433
      sha256: 54ddcb94f07eab9c6070497d8cbc565fc7e9f159ac596581c2e959e7460c1e41
  original:
    hackage: directory-1.3.6.0
- completed:
    hackage: process-1.4.3.0@sha256:cf30533f073721fd059790f0b963fb9b57e3507cffef5141e9377449570b07ca,2021
    pantry-tree:
      size: 1210
      sha256: d037c00a5b428a0444d597909a703e04a743a07a10339a0801df363d0e504915
  original:
    hackage: process-1.4.3.0
- completed:
    hackage: unix-2.7.2.2@sha256:e69269a17b9fa26cb77f3f55e86c39d0a4940ccfa0c4bc20826919d2572076ad,3496
    pantry-tree:
      size: 3536
      sha256: c355f7924ce67e5bf8f20767462af18f09b8c0d1f7161117221cbb94c15deee3
  original:
    hackage: unix-2.7.2.2
- completed:
    hackage: QuickCheck-2.13.2@sha256:ad4e5adbd1c9dc0221a44307b992cb040c515f31095182e47aa7e974bc461df1,6952
    pantry-tree:
      size: 2202
      sha256: f79eee2f6a00b2c649f993a7b358827702373cbc931ced55ebdfb59625540403
  original:
    hackage: QuickCheck-2.13.2
- completed:
    hackage: hspec-core-2.7.1@sha256:2696420050bafb1b690366b2c0ca8595a27c4597811df036f0c35cf19f46862b,4583
    pantry-tree:
      size: 3601
      sha256: 7761094914f253af8eff3e0d14e1e0317a7e260f2d4bd4bd44d5d222fe0ba3d6
  original:
    hackage: hspec-core-2.7.1
- completed:
    hackage: hspec-discover-2.7.1@sha256:e8ce36741c06b41de58069814a7d3b7314bdeaab35ae573e3c924739011e0c29,2243
    pantry-tree:
      size: 1080
      sha256: 2d1c4ccbd0c9047311d1bd24989714df844003c258964ef65d542f6627dc0fed
  original:
    hackage: hspec-discover-2.7.1
- completed:
    hackage: HUnit-1.6.0.0@sha256:8014b27c884becd8041214a1ab263fa92244ca62700a911aff604a1047869298,1570
    pantry-tree:
      size: 878
      sha256: 270a6f8d6ef23eba3a9a1697aa244576abb168d10cb8e4736cf4add2b09eb650
  original:
    hackage: HUnit-1.6.0.0
- completed:
    hackage: splitmix-0.0.3@sha256:455de9326ae5bbe5492cbb140fefb04cf988501e25b204dabaf755ab67400d9d,4835
    pantry-tree:
      size: 870
      sha256: 32f9dc84cb1845c5020bc9cb5c5c56e890d54d16b0cbf9c788825abb45165499
  original:
    hackage: splitmix-0.0.3
snapshots:
- completed:
    size: 535260
    url: https://raw.githubusercontent.com/commercialhaskell/stackage-snapshots/master/lts/9/9.yaml
    sha256: 19713287614a8a7567eae3ab5da11fde0ff68ff0e0ab49fc42ce582a00b7ad73
  original: lts-9.9
